
Microsoft Visual Studio Solution File, Format Version 12.00
# Visual Studio Version 17
VisualStudioVersion = 17.7.34221.43
MinimumVisualStudioVersion = 10.0.40219.1
Project("{FAE04EC0-301F-11D3-BF4B-00C04F79EFBC}") = "RetrieveDataFromText FileWithSort_Search", "RetrieveDataFromText FileWithSort_Search\RetrieveDataFromText FileWithSort_Search.csproj", "{76268305-3469-4E67-86AD-0B1CADF81138}"
EndProject
Global
	GlobalSection(SolutionConfigurationPlatforms) = preSolution
		Debug|Any CPU = Debug|Any CPU
		Release|Any CPU = Release|Any CPU
	EndGlobalSection
	GlobalSection(ProjectConfigurationPlatforms) = postSolution
		{76268305-3469-4E67-86AD-0B1CADF81138}.Debug|Any CPU.ActiveCfg = Debug|Any CPU
		{76268305-3469-4E67-86AD-0B1CADF81138}.Debug|Any CPU.Build.0 = Debug|Any CPU
		{76268305-3469-4E67-86AD-0B1CADF81138}.Release|Any CPU.ActiveCfg = Release|Any CPU
		{76268305-3469-4E67-86AD-0B1CADF81138}.Release|Any CPU.Build.0 = Release|Any CPU
	EndGlobalSection
	GlobalSection(SolutionProperties) = preSolution
		HideSolutionNode = FALSE
	EndGlobalSection
	GlobalSection(ExtensibilityGlobals) = postSolution
		SolutionGuid = {FE624299-E477-4A39-B1D4-FEF55AEDE3EA}
	EndGlobalSection
EndGlobal
